
Microsoft Visual Studio Solution File, Format Version 12.00
# Visual Studio Version 16
VisualStudioVersion = 16.0.29806.167
MinimumVisualStudioVersion = 10.0.40219.1
Project("{FAE04EC0-301F-11D3-BF4B-00C04F79EFBC}") = "Task_1 (sum arrays)", "Task_1 (sum arrays)\Task_1 (sum arrays).csproj", "{C0944AC2-F087-4141-80AB-09E8FE21BBAD}"
EndProject
Project("{FAE04EC0-301F-11D3-BF4B-00C04F79EFBC}") = "Task_2 (move_array)", "Task_2 (move_array)\Task_2 (move_array).csproj", "{C7632B9D-4694-4AC6-89E6-D65209FFB080}"
EndProject
Project("{FAE04EC0-301F-11D3-BF4B-00C04F79EFBC}") = "Task_3 (reverse)", "Task_3 (reverse)\Task_3 (reverse).csproj", "{DA7D8468-C8C8-42CC-A2F0-F1C88C654073}"
EndProject
Global
	GlobalSection(SolutionConfigurationPlatforms) = preSolution
		Debug|Any CPU = Debug|Any CPU
		Release|Any CPU = Release|Any CPU
	EndGlobalSection
	GlobalSection(ProjectConfigurationPlatforms) = postSolution
		{C0944AC2-F087-4141-80AB-09E8FE21BBAD}.Debug|Any CPU.ActiveCfg = Debug|Any CPU
		{C0944AC2-F087-4141-80AB-09E8FE21BBAD}.Debug|Any CPU.Build.0 = Debug|Any CPU
		{C0944AC2-F087-4141-80AB-09E8FE21BBAD}.Release|Any CPU.ActiveCfg = Release|Any CPU
		{C0944AC2-F087-4141-80AB-09E8FE21BBAD}.Release|Any CPU.Build.0 = Release|Any CPU
		{C7632B9D-4694-4AC6-89E6-D65209FFB080}.Debug|Any CPU.ActiveCfg = Debug|Any CPU
		{C7632B9D-4694-4AC6-89E6-D65209FFB080}.Debug|Any CPU.Build.0 = Debug|Any CPU
		{C7632B9D-4694-4AC6-89E6-D65209FFB080}.Release|Any CPU.ActiveCfg = Release|Any CPU
		{C7632B9D-4694-4AC6-89E6-D65209FFB080}.Release|Any CPU.Build.0 = Release|Any CPU
		{DA7D8468-C8C8-42CC-A2F0-F1C88C654073}.Debug|Any CPU.ActiveCfg = Debug|Any CPU
		{DA7D8468-C8C8-42CC-A2F0-F1C88C654073}.Debug|Any CPU.Build.0 = Debug|Any CPU
		{DA7D8468-C8C8-42CC-A2F0-F1C88C654073}.Release|Any CPU.ActiveCfg = Release|Any CPU
		{DA7D8468-C8C8-42CC-A2F0-F1C88C654073}.Release|Any CPU.Build.0 = Release|Any CPU
	EndGlobalSection
	GlobalSection(SolutionProperties) = preSolution
		HideSolutionNode = FALSE
	EndGlobalSection
	GlobalSection(ExtensibilityGlobals) = postSolution
		SolutionGuid = {86B1F9AE-032B-4068-ADBC-7F3CE3DF68EB}
	EndGlobalSection
EndGlobal
